{
  "version": "2",
  "remote": {
    "https://deno.land/std@0.190.0/collections/filter_values.ts": "5b9feaf17b9a6e5ffccdd36cf6f38fa4ffa94cff2602d381c2ad0c2a97929652",
    "https://deno.land/std@0.190.0/collections/without_all.ts": "a89f5da0b5830defed4f59666e188df411d8fece35a5f6ca69be6ca71a95c185",
    "https://deno.land/std@0.190.0/dotenv/load.ts": "0636983549b98f29ab75c9a22a42d9723f0a389ece5498fe971e7bb2556a12e2",
    "https://deno.land/std@0.190.0/dotenv/mod.ts": "f5a8123741d1561ae8184a7f043bc097b15132c5171c651142b804b6dbc21853"
  },
  "npm": {
    "specifiers": {
      "@discordeno/bot": "@discordeno/bot@19.0.0-next.3445211",
      "@discordeno/gateway": "@discordeno/gateway@19.0.0-next.3445211",
      "@discordeno/rest": "@discordeno/rest@19.0.0-next.3445211",
      "@discordeno/types": "@discordeno/types@19.0.0-next.3445211",
      "@discordeno/utils": "@discordeno/utils@19.0.0-next.3445211",
      "@nekz/sdp": "@nekz/sdp@0.4.0"
    },
    "packages": {
      "@discordeno/bot@19.0.0-next.3445211": {
        "integrity": "sha512-b8RpLfp+/pUthaA5EjXiu8sAPCw+psJ6QNkWG+zsM7efRpOgnSR+U21Dy33YbTa5S4f8V6hLqT0HhrPlvTE1XQ==",
        "dependencies": {
          "@discordeno/gateway": "@discordeno/gateway@19.0.0-next.3445211",
          "@discordeno/rest": "@discordeno/rest@19.0.0-next.3445211",
          "@discordeno/types": "@discordeno/types@19.0.0-next.3445211",
          "@discordeno/utils": "@discordeno/utils@19.0.0-next.3445211"
        }
      },
      "@discordeno/gateway@19.0.0-next.3445211": {
        "integrity": "sha512-XEIThjK4VAI7TwmCPKCQE9sOPtEtAb+Ah1bzdSDDXEje7Nag1mDsA4HcnAJ8TASBue0dtWT0VAB5LnY1ghSuzQ==",
        "dependencies": {
          "@discordeno/types": "@discordeno/types@19.0.0-next.3445211",
          "@discordeno/utils": "@discordeno/utils@19.0.0-next.3445211",
          "ws": "ws@8.13.0"
        }
      },
      "@discordeno/rest@19.0.0-next.3445211": {
        "integrity": "sha512-mY7VKAryic4nrAUBEc7FvuktUkbgDw76bVzz7VcvcD5yydiqvAxGLKa7yHvmlW9Bf7sBlRpUe7SbMK8rCbNP2A==",
        "dependencies": {
          "@discordeno/types": "@discordeno/types@19.0.0-next.3445211",
          "@discordeno/utils": "@discordeno/utils@19.0.0-next.3445211",
          "dotenv": "dotenv@16.3.1"
        }
      },
      "@discordeno/types@19.0.0-next.3445211": {
        "integrity": "sha512-zEt7XZUb/hG/sRijhYAt7pzmuX/LcuYv+xUFdMUhQlWiAUXSLgE9u3gjCWzfzdFhjwyuOzZtUD7LISzaWkli0Q==",
        "dependencies": {}
      },
      "@discordeno/utils@19.0.0-next.3445211": {
        "integrity": "sha512-Dfkhm5KntKLVpLEVVgJLL1UTlqOR0nihcspH5ycq80/FH4XnmtQEczcuCiE7hM/HVL9IIbGd+GhAT0yXe5PxiA==",
        "dependencies": {
          "@discordeno/types": "@discordeno/types@19.0.0-next.3445211",
          "tweetnacl": "tweetnacl@1.0.3"
        }
      },
      "@nekz/sdp@0.4.0": {
        "integrity": "sha512-zbTEWQOmWPn5ZFKfwlghoJfdjQR9RJLI/OjpfIN4PWxIBBzdbVH0T7QA+NfpQztDhHjWekLIjg+s6lRyg2PPmw==",
        "dependencies": {}
      },
      "dotenv@16.3.1": {
        "integrity": "sha512-IPzF4w4/Rd94bA9imS68tZBaYyBWSCE47V1RGuMrB94iyTOIEwRmVL2x/4An+6mETpLrKJ5hQkB8W4kFAadeIQ==",
        "dependencies": {}
      },
      "tweetnacl@1.0.3": {
        "integrity": "sha512-6rt+RN7aOi1nGMyC4Xa5DdYiukl2UWCbcJft7YhxReBGQD7OAM8Pbxw6YMo4r2diNEA8FEmu32YOn9rhaiE5yw==",
        "dependencies": {}
      },
      "ws@8.13.0": {
        "integrity": "sha512-x9vcZYTrFPC7aSIbj7sRCYo7L/Xb8Iy+pW0ng0wt2vCJv7M9HOMy0UoN3rr+IFC7hb7vXoqS+P9ktyLLLhO+LA==",
        "dependencies": {}
      }
    }
  }
}
