{
  "version": "4",
  "specifiers": {
    "jsr:@nekz/sdp@~0.10.1": "0.10.1",
    "jsr:@std/async@^1.0.10": "1.0.10",
    "jsr:@std/fmt@^1.0.4": "1.0.4",
    "jsr:@std/fs@^1.0.9": "1.0.10",
    "jsr:@std/io@0.225": "0.225.1",
    "jsr:@std/log@~0.224.13": "0.224.13",
    "npm:@discordeno/bot@21.0.0": "21.0.0"
  },
  "jsr": {
    "@nekz/sdp@0.10.1": {
      "integrity": "d73a6dd5497a8775c2a394fbdeb209b1f5de4b92bdf973d6bfe2d9ea72eb89ab"
    },
    "@std/async@1.0.10": {
      "integrity": "2ff1b1c7d33d1416159989b0f69e59ec7ee8cb58510df01e454def2108b3dbec"
    },
    "@std/fmt@1.0.4": {
      "integrity": "e14fe5bedee26f80877e6705a97a79c7eed599e81bb1669127ef9e8bc1e29a74"
    },
    "@std/fs@1.0.10": {
      "integrity": "bf041f9d7a0a460817f0421be8946d0e06011b3433e6c83a215628de5e3c7c2c"
    },
    "@std/io@0.225.1": {
      "integrity": "0a055fa523288d596f09ba11af5e006f17cecc75bab949b233ceba7eba40293e"
    },
    "@std/log@0.224.13": {
      "integrity": "f04d82f676c9eb4306194ca166d296d9f1456fe4b7edf2a404a0d55c94d31df7",
      "dependencies": [
        "jsr:@std/fmt",
        "jsr:@std/fs",
        "jsr:@std/io"
      ]
    }
  },
  "npm": {
    "@discordeno/bot@21.0.0": {
      "integrity": "sha512-x6EcVHBvWIhjY5/lcwgZzzCiqdpKFZqu2qUaZqKb7RYS8L8Q8zY40hCnbToVehLB8+BGcnHzxCeEvWWg8tnT/g==",
      "dependencies": [
        "@discordeno/gateway",
        "@discordeno/rest",
        "@discordeno/types",
        "@discordeno/utils"
      ]
    },
    "@discordeno/gateway@21.0.0": {
      "integrity": "sha512-ur5Hatd1x86PPI4UnXKghAWat3vS90NvLJcpOSu1B1gYSENRZow8dohZ8Ov58SXWq5nZVuBYDJNCR248pWJvrg==",
      "dependencies": [
        "@discordeno/types",
        "@discordeno/utils",
        "fzstd",
        "ws"
      ]
    },
    "@discordeno/rest@21.0.0": {
      "integrity": "sha512-ew5ddhUd7Qyv/GSzCy42bEmRv0yr2PspCMsLD/NeMiTLd3+OrVN5pAxBN9z+9JpS/daiiD/PVmvuUAVx/nXTEw==",
      "dependencies": [
        "@discordeno/types",
        "@discordeno/utils"
      ]
    },
    "@discordeno/types@21.0.0": {
      "integrity": "sha512-TUZAEqqlXRNQji+NCaQo8DruzI8rXbBvMaZYsZvN9f03PrdSddzMOy3cjs4eeL6ZMVocmMVRIaVnB713blylCw=="
    },
    "@discordeno/utils@21.0.0": {
      "integrity": "sha512-I7I3Szlk+LkT/CRmJJiLPsjuBUjbuXUCvOzsgWCltkxDMIGmQeNoQtFK7t89V1Gcc4icsrnHVMho1BcaAITijg==",
      "dependencies": [
        "@discordeno/types"
      ]
    },
    "fzstd@0.1.1": {
      "integrity": "sha512-dkuVSOKKwh3eas5VkJy1AW1vFpet8TA/fGmVA5krThl8YcOVE/8ZIoEA1+U1vEn5ckxxhLirSdY837azmbaNHA=="
    },
    "ws@8.18.0": {
      "integrity": "sha512-8VbfWfHLbbwu3+N6OKsOMpBdT4kXPDDB9cJk2bJ6mh9ucxdlnNvH1e+roYkKmN9Nxw2yjz7VzeO9oOz2zJ04Pw=="
    }
  },
  "workspace": {
    "dependencies": [
      "jsr:@nekz/sdp@~0.10.1",
      "jsr:@std/async@^1.0.10",
      "jsr:@std/fmt@^1.0.4",
      "jsr:@std/log@~0.224.13",
      "npm:@discordeno/bot@21.0.0",
      "npm:@discordeno/gateway@21.0.0",
      "npm:@discordeno/types@21.0.0",
      "npm:@discordeno/utils@21.0.0"
    ]
  }
}
