{
  "version": "3",
  "packages": {
    "specifiers": {
      "npm:@discordeno/bot@19.0.0-next.2d0f76e": "npm:@discordeno/bot@19.0.0-next.2d0f76e",
      "npm:@nekz/sdp@0.9.0": "npm:@nekz/sdp@0.9.0"
    },
    "npm": {
      "@discordeno/bot@19.0.0-next.2d0f76e": {
        "integrity": "sha512-ei4+hkW87QkB0ENEwLf3pweaLf3IoxQC3R5DBiBW1B5qRnUDaZnJTa1B1MyDOA4btqEv7DITj1Us1Y9N6CuuQQ==",
        "dependencies": {
          "@discordeno/gateway": "@discordeno/gateway@19.0.0-next.2d0f76e",
          "@discordeno/rest": "@discordeno/rest@19.0.0-next.2d0f76e",
          "@discordeno/types": "@discordeno/types@19.0.0-next.2d0f76e",
          "@discordeno/utils": "@discordeno/utils@19.0.0-next.2d0f76e"
        }
      },
      "@discordeno/gateway@19.0.0-next.2d0f76e": {
        "integrity": "sha512-Linhr33cQiF0cRd6XGCnWLWX5ERfF4kp0TKIRp4Uj+9y52Qq33s2Ziytrm3lt3H4WqE14ltZtrJv+0xfwB4eAg==",
        "dependencies": {
          "@discordeno/types": "@discordeno/types@19.0.0-next.2d0f76e",
          "@discordeno/utils": "@discordeno/utils@19.0.0-next.2d0f76e",
          "ws": "ws@8.14.2"
        }
      },
      "@discordeno/rest@19.0.0-next.2d0f76e": {
        "integrity": "sha512-KCFDiPN6GoUcZtJIWe/S71k/bY1CXZw7rjd/HRnC2f1TbM+pLoq2qoINzQW94gsu8n0xrAoWxb5yyhqpIIeBhA==",
        "dependencies": {
          "@discordeno/types": "@discordeno/types@19.0.0-next.2d0f76e",
          "@discordeno/utils": "@discordeno/utils@19.0.0-next.2d0f76e",
          "dotenv": "dotenv@16.3.1"
        }
      },
      "@discordeno/types@19.0.0-next.2d0f76e": {
        "integrity": "sha512-fW40w3/il4QGK4c9VbpXIECaCo+46oY7Bi1eY2OOk9X/b1HKo9YUNI1ehpbBE8EERepphiyaqzbx3us5gY2cOg==",
        "dependencies": {}
      },
      "@discordeno/utils@19.0.0-next.2d0f76e": {
        "integrity": "sha512-4y7n7E63OD4XFkmCoxPnx37dsS8TWtkQhfhtgb68mFUixA3FAioaJrBNtBGvS0n6RcmiZrDQxtx7Kz3WMcCUKQ==",
        "dependencies": {
          "@discordeno/types": "@discordeno/types@19.0.0-next.2d0f76e",
          "tweetnacl": "tweetnacl@1.0.3"
        }
      },
      "@nekz/sdp@0.9.0": {
        "integrity": "sha512-ndg3Ze/RZxsyX0QRhZ0HnkHUIth7/3jpTcABhzQzsXV0Y4MzpoZ0dj6KRqiBz+O3acZdk0/9gr40Smqc7S4ikg==",
        "dependencies": {}
      },
      "dotenv@16.3.1": {
        "integrity": "sha512-IPzF4w4/Rd94bA9imS68tZBaYyBWSCE47V1RGuMrB94iyTOIEwRmVL2x/4An+6mETpLrKJ5hQkB8W4kFAadeIQ==",
        "dependencies": {}
      },
      "tweetnacl@1.0.3": {
        "integrity": "sha512-6rt+RN7aOi1nGMyC4Xa5DdYiukl2UWCbcJft7YhxReBGQD7OAM8Pbxw6YMo4r2diNEA8FEmu32YOn9rhaiE5yw==",
        "dependencies": {}
      },
      "ws@8.14.2": {
        "integrity": "sha512-wEBG1ftX4jcglPxgFCMJmZ2PLtSbJ2Peg6TmpJFTbe9GZYOQCDPdMYu/Tm0/bGZkw8paZnJY45J4K2PZrLYq8g==",
        "dependencies": {}
      }
    }
  },
  "remote": {
    "https://deno.land/std@0.190.0/async/delay.ts": "73aa04cec034c84fc748c7be49bb15cac3dd43a57174bfdb7a4aec22c248f0dd",
    "https://deno.land/std@0.190.0/collections/filter_values.ts": "5b9feaf17b9a6e5ffccdd36cf6f38fa4ffa94cff2602d381c2ad0c2a97929652",
    "https://deno.land/std@0.190.0/collections/without_all.ts": "a89f5da0b5830defed4f59666e188df411d8fece35a5f6ca69be6ca71a95c185",
    "https://deno.land/std@0.190.0/dotenv/load.ts": "0636983549b98f29ab75c9a22a42d9723f0a389ece5498fe971e7bb2556a12e2",
    "https://deno.land/std@0.190.0/dotenv/mod.ts": "f5a8123741d1561ae8184a7f043bc097b15132c5171c651142b804b6dbc21853",
    "https://deno.land/std@0.198.0/async/delay.ts": "a6142eb44cdd856b645086af2b811b1fcce08ec06bb7d50969e6a872ee9b8659",
    "https://deno.land/std@0.198.0/collections/filter_values.ts": "16e1fc456a7969e770ec5b89edf5ac97b295ca534b47c1a83f061b409aad7814",
    "https://deno.land/std@0.198.0/collections/without_all.ts": "1e3cccb1ed0659455b473c0766d9414b7710d8cef48862c899f445178f66b779",
    "https://deno.land/std@0.198.0/dotenv/load.ts": "0636983549b98f29ab75c9a22a42d9723f0a389ece5498fe971e7bb2556a12e2",
    "https://deno.land/std@0.198.0/dotenv/mod.ts": "ff7acf1c97ba57af512ecb6f9094fa96e1f63cca1960a7687616fa86bab7e356"
  }
}
